
Microsoft Visual Studio Solution File, Format Version 12.00
Project("{FAE04EC0-301F-11D3-BF4B-00C04F79EFBC}") = "InMa.Api", "InMa.Api\InMa.Api.csproj", "{BAD1FA5A-6DE4-4806-9233-2B17360EE6CF}"
EndProject
Project("{FAE04EC0-301F-11D3-BF4B-00C04F79EFBC}") = "InMa.Core", "InMa.Core\InMa.Core.csproj", "{8387A0CB-4E6E-4DAF-B984-9C98553EB5D2}"
EndProject
Project("{2150E333-8FDC-42A3-9474-1A3956D46DE8}") = "src", "src", "{3DC93A50-679D-4427-B756-FD3458CDA054}"
EndProject
Global
	GlobalSection(SolutionConfigurationPlatforms) = preSolution
		Debug|Any CPU = Debug|Any CPU
		Release|Any CPU = Release|Any CPU
	EndGlobalSection
	GlobalSection(ProjectConfigurationPlatforms) = postSolution
		{BAD1FA5A-6DE4-4806-9233-2B17360EE6CF}.Debug|Any CPU.ActiveCfg = Debug|Any CPU
		{BAD1FA5A-6DE4-4806-9233-2B17360EE6CF}.Debug|Any CPU.Build.0 = Debug|Any CPU
		{BAD1FA5A-6DE4-4806-9233-2B17360EE6CF}.Release|Any CPU.ActiveCfg = Release|Any CPU
		{BAD1FA5A-6DE4-4806-9233-2B17360EE6CF}.Release|Any CPU.Build.0 = Release|Any CPU
		{8387A0CB-4E6E-4DAF-B984-9C98553EB5D2}.Debug|Any CPU.ActiveCfg = Debug|Any CPU
		{8387A0CB-4E6E-4DAF-B984-9C98553EB5D2}.Debug|Any CPU.Build.0 = Debug|Any CPU
		{8387A0CB-4E6E-4DAF-B984-9C98553EB5D2}.Release|Any CPU.ActiveCfg = Release|Any CPU
		{8387A0CB-4E6E-4DAF-B984-9C98553EB5D2}.Release|Any CPU.Build.0 = Release|Any CPU
	EndGlobalSection
	GlobalSection(NestedProjects) = preSolution
		{BAD1FA5A-6DE4-4806-9233-2B17360EE6CF} = {3DC93A50-679D-4427-B756-FD3458CDA054}
		{8387A0CB-4E6E-4DAF-B984-9C98553EB5D2} = {3DC93A50-679D-4427-B756-FD3458CDA054}
	EndGlobalSection
EndGlobal
